{
    "_readme": [
        "This file locks the dependencies of your project to a known state",
        "Read more about it at https://getcomposer.org/doc/01-basic-usage.md#composer-lock-the-lock-file",
        "This file is @generated automatically"
    ],
    "hash": "36afdbc66e5f122248a334941af1fd41",
    "content-hash": "0100b37dbf3674553da0e6e9b384626e",
    "packages": [
        {
            "name": "baibaratsky/php-webmoney",
            "version": "v0.14.0",
            "source": {
                "type": "git",
                "url": "https://github.com/baibaratsky/php-webmoney.git",
                "reference": "651176ded45faab0cd78ffd3fe4e6d0f05159b33"
            },
            "dist": {
                "type": "zip",
                "url": "https://api.github.com/repos/baibaratsky/php-webmoney/zipball/651176ded45faab0cd78ffd3fe4e6d0f05159b33",
                "reference": "651176ded45faab0cd78ffd3fe4e6d0f05159b33",
                "shasum": ""
            },
            "require": {
                "baibaratsky/php-wmsigner": "1.1.*",
                "php": ">=5.3"
            },
            "type": "library",
            "autoload": {
                "psr-4": {
                    "baibaratsky\\WebMoney\\": ""
                }
            },
            "notification-url": "https://packagist.org/downloads/",
            "license": [
                "BSD-3-Clause"
            ],
            "authors": [
                {
                    "name": "Andrei Baibaratsky",
                    "email": "andrei@baibaratsky.com"
                },
                {
                    "name": "Constantin Chuprik",
                    "email": "constantinchuprik@gmail.com"
                }
            ],
            "description": "WebMoney API PHP Library",
            "homepage": "http://github.com/baibaratsky/php-webmoney",
            "keywords": [
                "WMXI",
                "capitaller",
                "megastock",
                "webmoney",
                "wmsigner"
            ],
            "time": "2015-11-30 19:58:34"
        },
        {
            "name": "baibaratsky/php-wmsigner",
            "version": "v1.1.4",
            "source": {
                "type": "git",
                "url": "https://github.com/baibaratsky/php-wmsigner.git",
                "reference": "e392a6651535add1dc3c0908f672028a73c447c9"
            },
            "dist": {
                "type": "zip",
                "url": "https://api.github.com/repos/baibaratsky/php-wmsigner/zipball/e392a6651535add1dc3c0908f672028a73c447c9",
                "reference": "e392a6651535add1dc3c0908f672028a73c447c9",
                "shasum": ""
            },
            "require": {
                "ext-bcmath": "*",
                "php": ">=5.3"
            },
            "require-dev": {
                "phpunit/phpunit": "*",
                "satooshi/php-coveralls": "~1.0"
            },
            "type": "library",
            "autoload": {
                "psr-4": {
                    "baibaratsky\\WebMoney\\": ""
                }
            },
            "notification-url": "https://packagist.org/downloads/",
            "license": [
                "BSD-3-Clause"
            ],
            "authors": [
                {
                    "name": "Andrei Baibaratsky",
                    "email": "andrei@baibaratsky.com"
                }
            ],
            "description": "WebMoney Signer: a native PHP implementation of the WMSigner module",
            "homepage": "http://github.com/baibaratsky/php-wmsigner",
            "keywords": [
                "WMXI",
                "signer",
                "webmoney",
                "wmsigner"
            ],
            "time": "2016-01-10 17:13:06"
        }
    ],
    "packages-dev": [],
    "aliases": [],
    "minimum-stability": "stable",
    "stability-flags": [],
    "prefer-stable": false,
    "prefer-lowest": false,
    "platform": [],
    "platform-dev": []
}
